
Microsoft Visual Studio Solution File, Format Version 12.00
# Visual Studio Version 17
VisualStudioVersion = 17.5.33502.453
MinimumVisualStudioVersion = 10.0.40219.1
Project("{FAE04EC0-301F-11D3-BF4B-00C04F79EFBC}") = "Automatix.TikTokUploader", "Automatix.TikTokUploader\Automatix.TikTokUploader.csproj", "{8782821B-408E-47EC-BC82-69871928855B}"
EndProject
Global
	GlobalSection(SolutionConfigurationPlatforms) = preSolution
		Debug|Any CPU = Debug|Any CPU
		Release|Any CPU = Release|Any CPU
	EndGlobalSection
	GlobalSection(ProjectConfigurationPlatforms) = postSolution
		{8782821B-408E-47EC-BC82-69871928855B}.Debug|Any CPU.ActiveCfg = Debug|Any CPU
		{8782821B-408E-47EC-BC82-69871928855B}.Debug|Any CPU.Build.0 = Debug|Any CPU
		{8782821B-408E-47EC-BC82-69871928855B}.Release|Any CPU.ActiveCfg = Release|Any CPU
		{8782821B-408E-47EC-BC82-69871928855B}.Release|Any CPU.Build.0 = Release|Any CPU
	EndGlobalSection
	GlobalSection(SolutionProperties) = preSolution
		HideSolutionNode = FALSE
	EndGlobalSection
	GlobalSection(ExtensibilityGlobals) = postSolution
		SolutionGuid = {B7F218C5-D733-437E-A678-8BFD4943DB10}
	EndGlobalSection
EndGlobal
